
Microsoft Visual Studio Solution File, Format Version 12.00
# Visual Studio Version 16
VisualStudioVersion = 16.0.32126.315
MinimumVisualStudioVersion = 10.0.40219.1
Project("{FAE04EC0-301F-11D3-BF4B-00C04F79EFBC}") = "ConsultaCepXamarin.UWP", "ConsultaCepXamarin.UWP\ConsultaCepXamarin.UWP.csproj", "{9D15C721-8428-47DE-A66C-47259C714118}"
EndProject
Project("{FAE04EC0-301F-11D3-BF4B-00C04F79EFBC}") = "ConsultaCepXamarin.Android", "ConsultaCepXamarin.Android\ConsultaCepXamarin.Android.csproj", "{FC1DBE43-6F37-43BE-98C2-A1C0BD667AA8}"
EndProject
Project("{FAE04EC0-301F-11D3-BF4B-00C04F79EFBC}") = "ConsultaCepXamarin.iOS", "ConsultaCepXamarin.iOS\ConsultaCepXamarin.iOS.csproj", "{C7F83EBB-D8C0-47BF-A306-92AD50E1168A}"
EndProject
Project("{FAE04EC0-301F-11D3-BF4B-00C04F79EFBC}") = "ConsultaCepXamarin", "ConsultaCepXamarin\ConsultaCepXamarin.csproj", "{C90DD0F6-5A87-4702-BB9F-342FD915E426}"
EndProject
Global
	GlobalSection(SolutionConfigurationPlatforms) = preSolution
		Debug|Any CPU = Debug|Any CPU
		Debug|ARM = Debug|ARM
		Debug|iPhone = Debug|iPhone
		Debug|iPhoneSimulator = Debug|iPhoneSimulator
		Debug|x64 = Debug|x64
		Debug|x86 = Debug|x86
		Release|Any CPU = Release|Any CPU
		Release|ARM = Release|ARM
		Release|iPhone = Release|iPhone
		Release|iPhoneSimulator = Release|iPhoneSimulator
		Release|x64 = Release|x64
		Release|x86 = Release|x86
	EndGlobalSection
	GlobalSection(ProjectConfigurationPlatforms) = postSolution
		{9D15C721-8428-47DE-A66C-47259C714118}.Debug|Any CPU.ActiveCfg = Debug|x86
		{9D15C721-8428-47DE-A66C-47259C714118}.Debug|Any CPU.Build.0 = Debug|x86
		{9D15C721-8428-47DE-A66C-47259C714118}.Debug|Any CPU.Deploy.0 = Debug|x86
		{9D15C721-8428-47DE-A66C-47259C714118}.Debug|ARM.ActiveCfg = Debug|ARM
		{9D15C721-8428-47DE-A66C-47259C714118}.Debug|ARM.Build.0 = Debug|ARM
		{9D15C721-8428-47DE-A66C-47259C714118}.Debug|ARM.Deploy.0 = Debug|ARM
		{9D15C721-8428-47DE-A66C-47259C714118}.Debug|iPhone.ActiveCfg = Debug|x86
		{9D15C721-8428-47DE-A66C-47259C714118}.Debug|iPhone.Build.0 = Debug|x86
		{9D15C721-8428-47DE-A66C-47259C714118}.Debug|iPhone.Deploy.0 = Debug|x86
		{9D15C721-8428-47DE-A66C-47259C714118}.Debug|iPhoneSimulator.ActiveCfg = Debug|x86
		{9D15C721-8428-47DE-A66C-47259C714118}.Debug|iPhoneSimulator.Build.0 = Debug|x86
		{9D15C721-8428-47DE-A66C-47259C714118}.Debug|iPhoneSimulator.Deploy.0 = Debug|x86
		{9D15C721-8428-47DE-A66C-47259C714118}.Debug|x64.ActiveCfg = Debug|x64
		{9D15C721-8428-47DE-A66C-47259C714118}.Debug|x64.Build.0 = Debug|x64
		{9D15C721-8428-47DE-A66C-47259C714118}.Debug|x64.Deploy.0 = Debug|x64
		{9D15C721-8428-47DE-A66C-47259C714118}.Debug|x86.ActiveCfg = Debug|x86
		{9D15C721-8428-47DE-A66C-47259C714118}.Debug|x86.Build.0 = Debug|x86
		{9D15C721-8428-47DE-A66C-47259C714118}.Debug|x86.Deploy.0 = Debug|x86
		{9D15C721-8428-47DE-A66C-47259C714118}.Release|Any CPU.ActiveCfg = Release|x86
		{9D15C721-8428-47DE-A66C-47259C714118}.Release|Any CPU.Build.0 = Release|x86
		{9D15C721-8428-47DE-A66C-47259C714118}.Release|Any CPU.Deploy.0 = Release|x86
		{9D15C721-8428-47DE-A66C-47259C714118}.Release|ARM.ActiveCfg = Release|ARM
		{9D15C721-8428-47DE-A66C-47259C714118}.Release|ARM.Build.0 = Release|ARM
		{9D15C721-8428-47DE-A66C-47259C714118}.Release|ARM.Deploy.0 = Release|ARM
		{9D15C721-8428-47DE-A66C-47259C714118}.Release|iPhone.ActiveCfg = Release|x86
		{9D15C721-8428-47DE-A66C-47259C714118}.Release|iPhone.Build.0 = Release|x86
		{9D15C721-8428-47DE-A66C-47259C714118}.Release|iPhone.Deploy.0 = Release|x86
		{9D15C721-8428-47DE-A66C-47259C714118}.Release|iPhoneSimulator.ActiveCfg = Release|x86
		{9D15C721-8428-47DE-A66C-47259C714118}.Release|iPhoneSimulator.Build.0 = Release|x86
		{9D15C721-8428-47DE-A66C-47259C714118}.Release|iPhoneSimulator.Deploy.0 = Release|x86
		{9D15C721-8428-47DE-A66C-47259C714118}.Release|x64.ActiveCfg = Release|x64
		{9D15C721-8428-47DE-A66C-47259C714118}.Release|x64.Build.0 = Release|x64
		{9D15C721-8428-47DE-A66C-47259C714118}.Release|x64.Deploy.0 = Release|x64
		{9D15C721-8428-47DE-A66C-47259C714118}.Release|x86.ActiveCfg = Release|x86
		{9D15C721-8428-47DE-A66C-47259C714118}.Release|x86.Build.0 = Release|x86
		{9D15C721-8428-47DE-A66C-47259C714118}.Release|x86.Deploy.0 = Release|x86
		{FC1DBE43-6F37-43BE-98C2-A1C0BD667AA8}.Debug|Any CPU.ActiveCfg = Debug|Any CPU
		{FC1DBE43-6F37-43BE-98C2-A1C0BD667AA8}.Debug|Any CPU.Build.0 = Debug|Any CPU
		{FC1DBE43-6F37-43BE-98C2-A1C0BD667AA8}.Debug|Any CPU.Deploy.0 = Debug|Any CPU
		{FC1DBE43-6F37-43BE-98C2-A1C0BD667AA8}.Debug|ARM.ActiveCfg = Debug|Any CPU
		{FC1DBE43-6F37-43BE-98C2-A1C0BD667AA8}.Debug|ARM.Build.0 = Debug|Any CPU
		{FC1DBE43-6F37-43BE-98C2-A1C0BD667AA8}.Debug|ARM.Deploy.0 = Debug|Any CPU
		{FC1DBE43-6F37-43BE-98C2-A1C0BD667AA8}.Debug|iPhone.ActiveCfg = Debug|Any CPU
		{FC1DBE43-6F37-43BE-98C2-A1C0BD667AA8}.Debug|iPhone.Build.0 = Debug|Any CPU
		{FC1DBE43-6F37-43BE-98C2-A1C0BD667AA8}.Debug|iPhone.Deploy.0 = Debug|Any CPU
		{FC1DBE43-6F37-43BE-98C2-A1C0BD667AA8}.Debug|iPhoneSimulator.ActiveCfg = Debug|Any CPU
		{FC1DBE43-6F37-43BE-98C2-A1C0BD667AA8}.Debug|iPhoneSimulator.Build.0 = Debug|Any CPU
		{FC1DBE43-6F37-43BE-98C2-A1C0BD667AA8}.Debug|iPhoneSimulator.Deploy.0 = Debug|Any CPU
		{FC1DBE43-6F37-43BE-98C2-A1C0BD667AA8}.Debug|x64.ActiveCfg = Debug|Any CPU
		{FC1DBE43-6F37-43BE-98C2-A1C0BD667AA8}.Debug|x64.Build.0 = Debug|Any CPU
		{FC1DBE43-6F37-43BE-98C2-A1C0BD667AA8}.Debug|x64.Deploy.0 = Debug|Any CPU
		{FC1DBE43-6F37-43BE-98C2-A1C0BD667AA8}.Debug|x86.ActiveCfg = Debug|Any CPU
		{FC1DBE43-6F37-43BE-98C2-A1C0BD667AA8}.Debug|x86.Build.0 = Debug|Any CPU
		{FC1DBE43-6F37-43BE-98C2-A1C0BD667AA8}.Debug|x86.Deploy.0 = Debug|Any CPU
		{FC1DBE43-6F37-43BE-98C2-A1C0BD667AA8}.Release|Any CPU.ActiveCfg = Release|Any CPU
		{FC1DBE43-6F37-43BE-98C2-A1C0BD667AA8}.Release|Any CPU.Build.0 = Release|Any CPU
		{FC1DBE43-6F37-43BE-98C2-A1C0BD667AA8}.Release|Any CPU.Deploy.0 = Release|Any CPU
		{FC1DBE43-6F37-43BE-98C2-A1C0BD667AA8}.Release|ARM.ActiveCfg = Release|Any CPU
		{FC1DBE43-6F37-43BE-98C2-A1C0BD667AA8}.Release|ARM.Build.0 = Release|Any CPU
		{FC1DBE43-6F37-43BE-98C2-A1C0BD667AA8}.Release|ARM.Deploy.0 = Release|Any CPU
		{FC1DBE43-6F37-43BE-98C2-A1C0BD667AA8}.Release|iPhone.ActiveCfg = Release|Any CPU
		{FC1DBE43-6F37-43BE-98C2-A1C0BD667AA8}.Release|iPhone.Build.0 = Release|Any CPU
		{FC1DBE43-6F37-43BE-98C2-A1C0BD667AA8}.Release|iPhone.Deploy.0 = Release|Any CPU
		{FC1DBE43-6F37-43BE-98C2-A1C0BD667AA8}.Release|iPhoneSimulator.ActiveCfg = Release|Any CPU
		{FC1DBE43-6F37-43BE-98C2-A1C0BD667AA8}.Release|iPhoneSimulator.Build.0 = Release|Any CPU
		{FC1DBE43-6F37-43BE-98C2-A1C0BD667AA8}.Release|iPhoneSimulator.Deploy.0 = Release|Any CPU
		{FC1DBE43-6F37-43BE-98C2-A1C0BD667AA8}.Release|x64.ActiveCfg = Release|Any CPU
		{FC1DBE43-6F37-43BE-98C2-A1C0BD667AA8}.Release|x64.Build.0 = Release|Any CPU
		{FC1DBE43-6F37-43BE-98C2-A1C0BD667AA8}.Release|x64.Deploy.0 = Release|Any CPU
		{FC1DBE43-6F37-43BE-98C2-A1C0BD667AA8}.Release|x86.ActiveCfg = Release|Any CPU
		{FC1DBE43-6F37-43BE-98C2-A1C0BD667AA8}.Release|x86.Build.0 = Release|Any CPU
		{FC1DBE43-6F37-43BE-98C2-A1C0BD667AA8}.Release|x86.Deploy.0 = Release|Any CPU
		{C7F83EBB-D8C0-47BF-A306-92AD50E1168A}.Debug|Any CPU.ActiveCfg = Debug|iPhoneSimulator
		{C7F83EBB-D8C0-47BF-A306-92AD50E1168A}.Debug|Any CPU.Build.0 = Debug|iPhoneSimulator
		{C7F83EBB-D8C0-47BF-A306-92AD50E1168A}.Debug|Any CPU.Deploy.0 = Debug|iPhoneSimulator
		{C7F83EBB-D8C0-47BF-A306-92AD50E1168A}.Debug|ARM.ActiveCfg = Debug|iPhone
		{C7F83EBB-D8C0-47BF-A306-92AD50E1168A}.Debug|ARM.Build.0 = Debug|iPhone
		{C7F83EBB-D8C0-47BF-A306-92AD50E1168A}.Debug|ARM.Deploy.0 = Debug|iPhone
		{C7F83EBB-D8C0-47BF-A306-92AD50E1168A}.Debug|iPhone.ActiveCfg = Debug|iPhone
		{C7F83EBB-D8C0-47BF-A306-92AD50E1168A}.Debug|iPhone.Build.0 = Debug|iPhone
		{C7F83EBB-D8C0-47BF-A306-92AD50E1168A}.Debug|iPhone.Deploy.0 = Debug|iPhone
		{C7F83EBB-D8C0-47BF-A306-92AD50E1168A}.Debug|iPhoneSimulator.ActiveCfg = Debug|iPhoneSimulator
		{C7F83EBB-D8C0-47BF-A306-92AD50E1168A}.Debug|iPhoneSimulator.Build.0 = Debug|iPhoneSimulator
		{C7F83EBB-D8C0-47BF-A306-92AD50E1168A}.Debug|iPhoneSimulator.Deploy.0 = Debug|iPhoneSimulator
		{C7F83EBB-D8C0-47BF-A306-92AD50E1168A}.Debug|x64.ActiveCfg = Debug|iPhoneSimulator
		{C7F83EBB-D8C0-47BF-A306-92AD50E1168A}.Debug|x64.Build.0 = Debug|iPhoneSimulator
		{C7F83EBB-D8C0-47BF-A306-92AD50E1168A}.Debug|x64.Deploy.0 = Debug|iPhoneSimulator
		{C7F83EBB-D8C0-47BF-A306-92AD50E1168A}.Debug|x86.ActiveCfg = Debug|iPhoneSimulator
		{C7F83EBB-D8C0-47BF-A306-92AD50E1168A}.Debug|x86.Build.0 = Debug|iPhoneSimulator
		{C7F83EBB-D8C0-47BF-A306-92AD50E1168A}.Debug|x86.Deploy.0 = Debug|iPhoneSimulator
		{C7F83EBB-D8C0-47BF-A306-92AD50E1168A}.Release|Any CPU.ActiveCfg = Release|iPhoneSimulator
		{C7F83EBB-D8C0-47BF-A306-92AD50E1168A}.Release|Any CPU.Build.0 = Release|iPhoneSimulator
		{C7F83EBB-D8C0-47BF-A306-92AD50E1168A}.Release|Any CPU.Deploy.0 = Release|iPhoneSimulator
		{C7F83EBB-D8C0-47BF-A306-92AD50E1168A}.Release|ARM.ActiveCfg = Release|iPhoneSimulator
		{C7F83EBB-D8C0-47BF-A306-92AD50E1168A}.Release|ARM.Build.0 = Release|iPhoneSimulator
		{C7F83EBB-D8C0-47BF-A306-92AD50E1168A}.Release|ARM.Deploy.0 = Release|iPhoneSimulator
		{C7F83EBB-D8C0-47BF-A306-92AD50E1168A}.Release|iPhone.ActiveCfg = Release|iPhone
		{C7F83EBB-D8C0-47BF-A306-92AD50E1168A}.Release|iPhone.Build.0 = Release|iPhone
		{C7F83EBB-D8C0-47BF-A306-92AD50E1168A}.Release|iPhone.Deploy.0 = Release|iPhone
		{C7F83EBB-D8C0-47BF-A306-92AD50E1168A}.Release|iPhoneSimulator.ActiveCfg = Release|iPhoneSimulator
		{C7F83EBB-D8C0-47BF-A306-92AD50E1168A}.Release|iPhoneSimulator.Build.0 = Release|iPhoneSimulator
		{C7F83EBB-D8C0-47BF-A306-92AD50E1168A}.Release|iPhoneSimulator.Deploy.0 = Release|iPhoneSimulator
		{C7F83EBB-D8C0-47BF-A306-92AD50E1168A}.Release|x64.ActiveCfg = Release|iPhoneSimulator
		{C7F83EBB-D8C0-47BF-A306-92AD50E1168A}.Release|x64.Build.0 = Release|iPhoneSimulator
		{C7F83EBB-D8C0-47BF-A306-92AD50E1168A}.Release|x64.Deploy.0 = Release|iPhoneSimulator
		{C7F83EBB-D8C0-47BF-A306-92AD50E1168A}.Release|x86.ActiveCfg = Release|iPhoneSimulator
		{C7F83EBB-D8C0-47BF-A306-92AD50E1168A}.Release|x86.Build.0 = Release|iPhoneSimulator
		{C7F83EBB-D8C0-47BF-A306-92AD50E1168A}.Release|x86.Deploy.0 = Release|iPhoneSimulator
		{C90DD0F6-5A87-4702-BB9F-342FD915E426}.Debug|Any CPU.ActiveCfg = Debug|Any CPU
		{C90DD0F6-5A87-4702-BB9F-342FD915E426}.Debug|Any CPU.Build.0 = Debug|Any CPU
		{C90DD0F6-5A87-4702-BB9F-342FD915E426}.Debug|Any CPU.Deploy.0 = Debug|Any CPU
		{C90DD0F6-5A87-4702-BB9F-342FD915E426}.Debug|ARM.ActiveCfg = Debug|Any CPU
		{C90DD0F6-5A87-4702-BB9F-342FD915E426}.Debug|ARM.Build.0 = Debug|Any CPU
		{C90DD0F6-5A87-4702-BB9F-342FD915E426}.Debug|ARM.Deploy.0 = Debug|Any CPU
		{C90DD0F6-5A87-4702-BB9F-342FD915E426}.Debug|iPhone.ActiveCfg = Debug|Any CPU
		{C90DD0F6-5A87-4702-BB9F-342FD915E426}.Debug|iPhone.Build.0 = Debug|Any CPU
		{C90DD0F6-5A87-4702-BB9F-342FD915E426}.Debug|iPhone.Deploy.0 = Debug|Any CPU
		{C90DD0F6-5A87-4702-BB9F-342FD915E426}.Debug|iPhoneSimulator.ActiveCfg = Debug|Any CPU
		{C90DD0F6-5A87-4702-BB9F-342FD915E426}.Debug|iPhoneSimulator.Build.0 = Debug|Any CPU
		{C90DD0F6-5A87-4702-BB9F-342FD915E426}.Debug|iPhoneSimulator.Deploy.0 = Debug|Any CPU
		{C90DD0F6-5A87-4702-BB9F-342FD915E426}.Debug|x64.ActiveCfg = Debug|Any CPU
		{C90DD0F6-5A87-4702-BB9F-342FD915E426}.Debug|x64.Build.0 = Debug|Any CPU
		{C90DD0F6-5A87-4702-BB9F-342FD915E426}.Debug|x64.Deploy.0 = Debug|Any CPU
		{C90DD0F6-5A87-4702-BB9F-342FD915E426}.Debug|x86.ActiveCfg = Debug|Any CPU
		{C90DD0F6-5A87-4702-BB9F-342FD915E426}.Debug|x86.Build.0 = Debug|Any CPU
		{C90DD0F6-5A87-4702-BB9F-342FD915E426}.Debug|x86.Deploy.0 = Debug|Any CPU
		{C90DD0F6-5A87-4702-BB9F-342FD915E426}.Release|Any CPU.ActiveCfg = Release|Any CPU
		{C90DD0F6-5A87-4702-BB9F-342FD915E426}.Release|Any CPU.Build.0 = Release|Any CPU
		{C90DD0F6-5A87-4702-BB9F-342FD915E426}.Release|Any CPU.Deploy.0 = Release|Any CPU
		{C90DD0F6-5A87-4702-BB9F-342FD915E426}.Release|ARM.ActiveCfg = Release|Any CPU
		{C90DD0F6-5A87-4702-BB9F-342FD915E426}.Release|ARM.Build.0 = Release|Any CPU
		{C90DD0F6-5A87-4702-BB9F-342FD915E426}.Release|ARM.Deploy.0 = Release|Any CPU
		{C90DD0F6-5A87-4702-BB9F-342FD915E426}.Release|iPhone.ActiveCfg = Release|Any CPU
		{C90DD0F6-5A87-4702-BB9F-342FD915E426}.Release|iPhone.Build.0 = Release|Any CPU
		{C90DD0F6-5A87-4702-BB9F-342FD915E426}.Release|iPhone.Deploy.0 = Release|Any CPU
		{C90DD0F6-5A87-4702-BB9F-342FD915E426}.Release|iPhoneSimulator.ActiveCfg = Release|Any CPU
		{C90DD0F6-5A87-4702-BB9F-342FD915E426}.Release|iPhoneSimulator.Build.0 = Release|Any CPU
		{C90DD0F6-5A87-4702-BB9F-342FD915E426}.Release|iPhoneSimulator.Deploy.0 = Release|Any CPU
		{C90DD0F6-5A87-4702-BB9F-342FD915E426}.Release|x64.ActiveCfg = Release|Any CPU
		{C90DD0F6-5A87-4702-BB9F-342FD915E426}.Release|x64.Build.0 = Release|Any CPU
		{C90DD0F6-5A87-4702-BB9F-342FD915E426}.Release|x64.Deploy.0 = Release|Any CPU
		{C90DD0F6-5A87-4702-BB9F-342FD915E426}.Release|x86.ActiveCfg = Release|Any CPU
		{C90DD0F6-5A87-4702-BB9F-342FD915E426}.Release|x86.Build.0 = Release|Any CPU
		{C90DD0F6-5A87-4702-BB9F-342FD915E426}.Release|x86.Deploy.0 = Release|Any CPU
	EndGlobalSection
	GlobalSection(SolutionProperties) = preSolution
		HideSolutionNode = FALSE
	EndGlobalSection
	GlobalSection(ExtensibilityGlobals) = postSolution
		SolutionGuid = {96166F4B-BDAF-4E28-B265-B75C7A549B40}
	EndGlobalSection
EndGlobal
